Microsoft Visual Studio Solution File, Format Version 11.00
# Visual Studio 2008

Project("{B24D3650-BF3F-1CF7-5790-DF2B4FD76732}") = "PresentationTechDemo", "Assembly-CSharp.csproj", "{D04325B8-58F2-069B-F8A1-25A6D519FABD}"
EndProject
Global
	GlobalSection(SolutionConfigurationPlatforms) = preSolution
		Debug|Any CPU = Debug|Any CPU
		Release|Any CPU = Release|Any CPU
	EndGlobalSection
	GlobalSection(ProjectConfigurationPlatforms) = postSolution
		{D04325B8-58F2-069B-F8A1-25A6D519FABD}.Debug|Any CPU.ActiveCfg = Debug|Any CPU
		{D04325B8-58F2-069B-F8A1-25A6D519FABD}.Debug|Any CPU.Build.0 = Debug|Any CPU
		{D04325B8-58F2-069B-F8A1-25A6D519FABD}.Release|Any CPU.ActiveCfg = Release|Any CPU
		{D04325B8-58F2-069B-F8A1-25A6D519FABD}.Release|Any CPU.Build.0 = Release|Any CPU
	EndGlobalSection
	GlobalSection(SolutionProperties) = preSolution
		HideSolutionNode = FALSE
	EndGlobalSection
	GlobalSection(MonoDevelopProperties) = preSolution
		StartupItem = Assembly-CSharp.csproj
	EndGlobalSection
EndGlobal
